
Microsoft Visual Studio Solution File, Format Version 12.00
# Visual Studio Version 17
VisualStudioVersion = 17.14.36930.0 d17.14
MinimumVisualStudioVersion = 10.0.40219.1
Project("{FAE04EC0-301F-11D3-BF4B-00C04F79EFBC}") = "floder", "floder.csproj", "{890C9E62-B209-4D62-96BF-F0B91203D9FF}"
EndProject
Global
	GlobalSection(SolutionConfigurationPlatforms) = preSolution
		Debug|Any CPU = Debug|Any CPU
		Release|Any CPU = Release|Any CPU
	EndGlobalSection
	GlobalSection(ProjectConfigurationPlatforms) = postSolution
		{890C9E62-B209-4D62-96BF-F0B91203D9FF}.Debug|Any CPU.ActiveCfg = Debug|Any CPU
		{890C9E62-B209-4D62-96BF-F0B91203D9FF}.Debug|Any CPU.Build.0 = Debug|Any CPU
		{890C9E62-B209-4D62-96BF-F0B91203D9FF}.Release|Any CPU.ActiveCfg = Release|Any CPU
		{890C9E62-B209-4D62-96BF-F0B91203D9FF}.Release|Any CPU.Build.0 = Release|Any CPU
	EndGlobalSection
	GlobalSection(SolutionProperties) = preSolution
		HideSolutionNode = FALSE
	EndGlobalSection
	GlobalSection(ExtensibilityGlobals) = postSolution
		SolutionGuid = {00290A2D-F76F-4896-B3C6-78D666E8EBF8}
	EndGlobalSection
EndGlobal
